{
	"name": "loss-analytics-module",
	"version": "1.0.0",
	"lockfileVersion": 3,
	"requires": true,
	"packages": {
		"": {
			"name": "loss-analytics-module",
			"version": "1.0.0",
			"license": "GPL-3.0-or-later",
			"devDependencies": {
				"@types/node": "^18.15.5"
			}
		},
		"node_modules/@types/node": {
			"version": "18.15.5",
			"resolved": "https://registry.npmjs.org/@types/node/-/node-18.15.5.tgz",
			"integrity": "sha512-Ark2WDjjZO7GmvsyFFf81MXuGTA/d6oP38anyxWOL6EREyBKAxKoFHwBhaZxCfLRLpO8JgVXwqOwSwa7jRcjew==",
			"dev": true
		}
	}
}
