{
  "name": "logger",
  "version": "1.0.0",
  "lockfileVersion": 3,
  "requires": true,
  "packages": {
    "": {
      "name": "logger",
      "version": "1.0.0",
      "license": "MIT",
      "devDependencies": {
        "@types/node": "^18.11.10"
      }
    },
    "node_modules/@types/node": {
      "version": "18.11.15",
      "resolved": "https://registry.npmjs.org/@types/node/-/node-18.11.15.tgz",
      "integrity": "sha512-VkhBbVo2+2oozlkdHXLrb3zjsRkpdnaU2bXmX8Wgle3PUi569eLRaHGlgETQHR7lLL1w7GiG3h9SnePhxNDecw==",
      "dev": true
    }
  }
}
